
Microsoft Visual Studio Solution File, Format Version 12.00
# Visual Studio Version 17
VisualStudioVersion = 17.8.34511.84
MinimumVisualStudioVersion = 10.0.40219.1
Project("{FAE04EC0-301F-11D3-BF4B-00C04F79EFBC}") = "TestAPIWhastasAppv2", "TestAPIWhastasAppv2.csproj", "{77B7C521-ED34-4509-8B66-C61F97CF4272}"
EndProject
Global
	GlobalSection(SolutionConfigurationPlatforms) = preSolution
		Debug|Any CPU = Debug|Any CPU
		Release|Any CPU = Release|Any CPU
	EndGlobalSection
	GlobalSection(ProjectConfigurationPlatforms) = postSolution
		{77B7C521-ED34-4509-8B66-C61F97CF4272}.Debug|Any CPU.ActiveCfg = Debug|Any CPU
		{77B7C521-ED34-4509-8B66-C61F97CF4272}.Debug|Any CPU.Build.0 = Debug|Any CPU
		{77B7C521-ED34-4509-8B66-C61F97CF4272}.Release|Any CPU.ActiveCfg = Release|Any CPU
		{77B7C521-ED34-4509-8B66-C61F97CF4272}.Release|Any CPU.Build.0 = Release|Any CPU
	EndGlobalSection
	GlobalSection(SolutionProperties) = preSolution
		HideSolutionNode = FALSE
	EndGlobalSection
	GlobalSection(ExtensibilityGlobals) = postSolution
		SolutionGuid = {E473799A-D41D-432E-BFF9-99A4CE5F5E92}
	EndGlobalSection
EndGlobal
